
Microsoft Visual Studio Solution File, Format Version 12.00
# Visual Studio 2013
VisualStudioVersion = 12.0.21005.1
MinimumVisualStudioVersion = 10.0.40219.1
Project("{FAE04EC0-301F-11D3-BF4B-00C04F79EFBC}") = "Reverse", "Reverse\Reverse.csproj", "{FC4F78C8-0BAB-4DF3-ADE5-68588AD3666E}"
EndProject
Project("{FAE04EC0-301F-11D3-BF4B-00C04F79EFBC}") = "TestReverse", "TestReverse\TestReverse.csproj", "{0F79AE1C-E18E-4D1F-8040-F6FD939CF499}"
EndProject
Global
	GlobalSection(SolutionConfigurationPlatforms) = preSolution
		Debug|Any CPU = Debug|Any CPU
		Release|Any CPU = Release|Any CPU
	EndGlobalSection
	GlobalSection(ProjectConfigurationPlatforms) = postSolution
		{FC4F78C8-0BAB-4DF3-ADE5-68588AD3666E}.Debug|Any CPU.ActiveCfg = Debug|Any CPU
		{FC4F78C8-0BAB-4DF3-ADE5-68588AD3666E}.Debug|Any CPU.Build.0 = Debug|Any CPU
		{FC4F78C8-0BAB-4DF3-ADE5-68588AD3666E}.Release|Any CPU.ActiveCfg = Release|Any CPU
		{FC4F78C8-0BAB-4DF3-ADE5-68588AD3666E}.Release|Any CPU.Build.0 = Release|Any CPU
		{0F79AE1C-E18E-4D1F-8040-F6FD939CF499}.Debug|Any CPU.ActiveCfg = Debug|Any CPU
		{0F79AE1C-E18E-4D1F-8040-F6FD939CF499}.Debug|Any CPU.Build.0 = Debug|Any CPU
		{0F79AE1C-E18E-4D1F-8040-F6FD939CF499}.Release|Any CPU.ActiveCfg = Release|Any CPU
		{0F79AE1C-E18E-4D1F-8040-F6FD939CF499}.Release|Any CPU.Build.0 = Release|Any CPU
	EndGlobalSection
	GlobalSection(SolutionProperties) = preSolution
		HideSolutionNode = FALSE
	EndGlobalSection
EndGlobal
